
Microsoft Visual Studio Solution File, Format Version 12.00
# Visual Studio Version 16
VisualStudioVersion = 16.0.28606.126
MinimumVisualStudioVersion = 10.0.40219.1
Project("{FAE04EC0-301F-11D3-BF4B-00C04F79EFBC}") = "SwaggerExample", "SwaggerExample\SwaggerExample.csproj", "{474288BF-1779-4722-93EA-7713F46C4096}"
EndProject
Global
	GlobalSection(SolutionConfigurationPlatforms) = preSolution
		Debug|Any CPU = Debug|Any CPU
		Release|Any CPU = Release|Any CPU
	EndGlobalSection
	GlobalSection(ProjectConfigurationPlatforms) = postSolution
		{474288BF-1779-4722-93EA-7713F46C4096}.Debug|Any CPU.ActiveCfg = Debug|Any CPU
		{474288BF-1779-4722-93EA-7713F46C4096}.Debug|Any CPU.Build.0 = Debug|Any CPU
		{474288BF-1779-4722-93EA-7713F46C4096}.Release|Any CPU.ActiveCfg = Release|Any CPU
		{474288BF-1779-4722-93EA-7713F46C4096}.Release|Any CPU.Build.0 = Release|Any CPU
	EndGlobalSection
	GlobalSection(SolutionProperties) = preSolution
		HideSolutionNode = FALSE
	EndGlobalSection
	GlobalSection(ExtensibilityGlobals) = postSolution
		SolutionGuid = {8BEB2017-C594-450E-9E01-8623A5C3E25D}
	EndGlobalSection
EndGlobal
